
Microsoft Visual Studio Solution File, Format Version 12.00
# Visual Studio Version 16
VisualStudioVersion = 16.0.31515.178
MinimumVisualStudioVersion = 10.0.40219.1
Project("{FAE04EC0-301F-11D3-BF4B-00C04F79EFBC}") = "LazyDB-SDK", "LazyDB-SDK\LazyDB-SDK.csproj", "{B094AF8D-26C8-43B0-9792-448AE997AAB6}"
EndProject
Global
	GlobalSection(SolutionConfigurationPlatforms) = preSolution
		Debug|Any CPU = Debug|Any CPU
		Release|Any CPU = Release|Any CPU
	EndGlobalSection
	GlobalSection(ProjectConfigurationPlatforms) = postSolution
		{B094AF8D-26C8-43B0-9792-448AE997AAB6}.Debug|Any CPU.ActiveCfg = Debug|Any CPU
		{B094AF8D-26C8-43B0-9792-448AE997AAB6}.Debug|Any CPU.Build.0 = Debug|Any CPU
		{B094AF8D-26C8-43B0-9792-448AE997AAB6}.Release|Any CPU.ActiveCfg = Release|Any CPU
		{B094AF8D-26C8-43B0-9792-448AE997AAB6}.Release|Any CPU.Build.0 = Release|Any CPU
	EndGlobalSection
	GlobalSection(SolutionProperties) = preSolution
		HideSolutionNode = FALSE
	EndGlobalSection
	GlobalSection(ExtensibilityGlobals) = postSolution
		SolutionGuid = {D998C47A-7717-45E9-8D50-9A52EDA6A56F}
	EndGlobalSection
EndGlobal
